
Microsoft Visual Studio Solution File, Format Version 12.00
# Visual Studio Version 16
VisualStudioVersion = 16.0.28729.10
MinimumVisualStudioVersion = 10.0.40219.1
Project("{9A19103F-16F7-4668-BE54-9A1E7A4F7556}") = "cls", "cls\cls.csproj", "{72934A58-7452-4B71-93F2-928004961E31}"
EndProject
Project("{FAE04EC0-301F-11D3-BF4B-00C04F79EFBC}") = "Window Form", "Window Form\Window Form.csproj", "{43B6E0CA-27A6-4693-82EA-159BBD23CBC4}"
EndProject
Global
	GlobalSection(SolutionConfigurationPlatforms) = preSolution
		Debug|Any CPU = Debug|Any CPU
		Release|Any CPU = Release|Any CPU
	EndGlobalSection
	GlobalSection(ProjectConfigurationPlatforms) = postSolution
		{72934A58-7452-4B71-93F2-928004961E31}.Debug|Any CPU.ActiveCfg = Debug|Any CPU
		{72934A58-7452-4B71-93F2-928004961E31}.Debug|Any CPU.Build.0 = Debug|Any CPU
		{72934A58-7452-4B71-93F2-928004961E31}.Release|Any CPU.ActiveCfg = Release|Any CPU
		{72934A58-7452-4B71-93F2-928004961E31}.Release|Any CPU.Build.0 = Release|Any CPU
		{43B6E0CA-27A6-4693-82EA-159BBD23CBC4}.Debug|Any CPU.ActiveCfg = Debug|Any CPU
		{43B6E0CA-27A6-4693-82EA-159BBD23CBC4}.Debug|Any CPU.Build.0 = Debug|Any CPU
		{43B6E0CA-27A6-4693-82EA-159BBD23CBC4}.Release|Any CPU.ActiveCfg = Release|Any CPU
		{43B6E0CA-27A6-4693-82EA-159BBD23CBC4}.Release|Any CPU.Build.0 = Release|Any CPU
	EndGlobalSection
	GlobalSection(SolutionProperties) = preSolution
		HideSolutionNode = FALSE
	EndGlobalSection
	GlobalSection(ExtensibilityGlobals) = postSolution
		SolutionGuid = {69421FC6-5EAE-4D37-ACFE-6866130AE4B9}
	EndGlobalSection
EndGlobal
